
Microsoft Visual Studio Solution File, Format Version 11.00
# Visual Studio 2010
Project("{FAE04EC0-301F-11D3-BF4B-00C04F79EFBC}") = "Assembly-CSharp", "Assembly-CSharp.csproj", "{136984CF-2F7F-1201-1EEA-ECD862352143}"
EndProject
Project("{FAE04EC0-301F-11D3-BF4B-00C04F79EFBC}") = "Assembly-CSharp-Editor", "Assembly-CSharp-Editor.csproj", "{39A4F3F4-8A12-9F32-8CC9-AF94F63032CE}"
EndProject
Global
	GlobalSection(SolutionConfigurationPlatforms) = preSolution
		Debug|Any CPU = Debug|Any CPU
		Release|Any CPU = Release|Any CPU
	EndGlobalSection
	GlobalSection(ProjectConfigurationPlatforms) = postSolution
		{136984CF-2F7F-1201-1EEA-ECD862352143}.Debug|Any CPU.ActiveCfg = Debug|Any CPU
		{136984CF-2F7F-1201-1EEA-ECD862352143}.Debug|Any CPU.Build.0 = Debug|Any CPU
		{136984CF-2F7F-1201-1EEA-ECD862352143}.Release|Any CPU.ActiveCfg = Release|Any CPU
		{136984CF-2F7F-1201-1EEA-ECD862352143}.Release|Any CPU.Build.0 = Release|Any CPU
		{39A4F3F4-8A12-9F32-8CC9-AF94F63032CE}.Debug|Any CPU.ActiveCfg = Debug|Any CPU
		{39A4F3F4-8A12-9F32-8CC9-AF94F63032CE}.Debug|Any CPU.Build.0 = Debug|Any CPU
		{39A4F3F4-8A12-9F32-8CC9-AF94F63032CE}.Release|Any CPU.ActiveCfg = Release|Any CPU
		{39A4F3F4-8A12-9F32-8CC9-AF94F63032CE}.Release|Any CPU.Build.0 = Release|Any CPU
	EndGlobalSection
	GlobalSection(SolutionProperties) = preSolution
		HideSolutionNode = FALSE
	EndGlobalSection
	GlobalSection(MonoDevelopProperties) = preSolution
		StartupItem = Assembly-CSharp.csproj
	EndGlobalSection
EndGlobal
